
Microsoft Visual Studio Solution File, Format Version 12.00
# Visual Studio Version 17
VisualStudioVersion = 17.5.2.0
MinimumVisualStudioVersion = 10.0.40219.1
Project("{FAE04EC0-301F-11D3-BF4B-00C04F79EFBC}") = "osu.Game.Rulesets.SteamPresence", "osu.Game.Rulesets.SteamPresence\osu.Game.Rulesets.SteamPresence.csproj", "{0F5DC8B6-EE65-58EA-F18E-558094A023AA}"
EndProject
Project("{FAE04EC0-301F-11D3-BF4B-00C04F79EFBC}") = "osu.Game.Rulesets.SteamPresence.Tests", "osu.Game.Rulesets.SteamPresence.Tests\osu.Game.Rulesets.SteamPresence.Tests.csproj", "{F888218C-D11B-4702-80E7-11C8522B4ED2}"
EndProject
Project("{FAE04EC0-301F-11D3-BF4B-00C04F79EFBC}") = "Steamworks.NativeDlls", "Steamworks.NativeDlls\Steamworks.NativeDlls.csproj", "{CC0A8BD8-5D72-4A2A-9FC1-0A6F6EC8F4DF}"
EndProject
Global
	GlobalSection(SolutionConfigurationPlatforms) = preSolution
		Debug|Any CPU = Debug|Any CPU
		Debug|x64 = Debug|x64
		Debug|x86 = Debug|x86
		Release|Any CPU = Release|Any CPU
		Release|x64 = Release|x64
		Release|x86 = Release|x86
	EndGlobalSection
	GlobalSection(ProjectConfigurationPlatforms) = postSolution
		{0F5DC8B6-EE65-58EA-F18E-558094A023AA}.Debug|Any CPU.ActiveCfg = Debug|Any CPU
		{0F5DC8B6-EE65-58EA-F18E-558094A023AA}.Debug|Any CPU.Build.0 = Debug|Any CPU
		{0F5DC8B6-EE65-58EA-F18E-558094A023AA}.Debug|x64.ActiveCfg = Debug|Any CPU
		{0F5DC8B6-EE65-58EA-F18E-558094A023AA}.Debug|x64.Build.0 = Debug|Any CPU
		{0F5DC8B6-EE65-58EA-F18E-558094A023AA}.Debug|x86.ActiveCfg = Debug|Any CPU
		{0F5DC8B6-EE65-58EA-F18E-558094A023AA}.Debug|x86.Build.0 = Debug|Any CPU
		{0F5DC8B6-EE65-58EA-F18E-558094A023AA}.Release|Any CPU.ActiveCfg = Release|Any CPU
		{0F5DC8B6-EE65-58EA-F18E-558094A023AA}.Release|Any CPU.Build.0 = Release|Any CPU
		{0F5DC8B6-EE65-58EA-F18E-558094A023AA}.Release|x64.ActiveCfg = Release|Any CPU
		{0F5DC8B6-EE65-58EA-F18E-558094A023AA}.Release|x64.Build.0 = Release|Any CPU
		{0F5DC8B6-EE65-58EA-F18E-558094A023AA}.Release|x86.ActiveCfg = Release|Any CPU
		{0F5DC8B6-EE65-58EA-F18E-558094A023AA}.Release|x86.Build.0 = Release|Any CPU
		{F888218C-D11B-4702-80E7-11C8522B4ED2}.Debug|Any CPU.ActiveCfg = Debug|Any CPU
		{F888218C-D11B-4702-80E7-11C8522B4ED2}.Debug|Any CPU.Build.0 = Debug|Any CPU
		{F888218C-D11B-4702-80E7-11C8522B4ED2}.Debug|x64.ActiveCfg = Debug|Any CPU
		{F888218C-D11B-4702-80E7-11C8522B4ED2}.Debug|x64.Build.0 = Debug|Any CPU
		{F888218C-D11B-4702-80E7-11C8522B4ED2}.Debug|x86.ActiveCfg = Debug|Any CPU
		{F888218C-D11B-4702-80E7-11C8522B4ED2}.Debug|x86.Build.0 = Debug|Any CPU
		{F888218C-D11B-4702-80E7-11C8522B4ED2}.Release|Any CPU.ActiveCfg = Release|Any CPU
		{F888218C-D11B-4702-80E7-11C8522B4ED2}.Release|Any CPU.Build.0 = Release|Any CPU
		{F888218C-D11B-4702-80E7-11C8522B4ED2}.Release|x64.ActiveCfg = Release|Any CPU
		{F888218C-D11B-4702-80E7-11C8522B4ED2}.Release|x64.Build.0 = Release|Any CPU
		{F888218C-D11B-4702-80E7-11C8522B4ED2}.Release|x86.ActiveCfg = Release|Any CPU
		{F888218C-D11B-4702-80E7-11C8522B4ED2}.Release|x86.Build.0 = Release|Any CPU
		{CC0A8BD8-5D72-4A2A-9FC1-0A6F6EC8F4DF}.Debug|Any CPU.ActiveCfg = Debug|Any CPU
		{CC0A8BD8-5D72-4A2A-9FC1-0A6F6EC8F4DF}.Debug|Any CPU.Build.0 = Debug|Any CPU
		{CC0A8BD8-5D72-4A2A-9FC1-0A6F6EC8F4DF}.Debug|x64.ActiveCfg = Debug|Any CPU
		{CC0A8BD8-5D72-4A2A-9FC1-0A6F6EC8F4DF}.Debug|x64.Build.0 = Debug|Any CPU
		{CC0A8BD8-5D72-4A2A-9FC1-0A6F6EC8F4DF}.Debug|x86.ActiveCfg = Debug|Any CPU
		{CC0A8BD8-5D72-4A2A-9FC1-0A6F6EC8F4DF}.Debug|x86.Build.0 = Debug|Any CPU
		{CC0A8BD8-5D72-4A2A-9FC1-0A6F6EC8F4DF}.Release|Any CPU.ActiveCfg = Release|Any CPU
		{CC0A8BD8-5D72-4A2A-9FC1-0A6F6EC8F4DF}.Release|Any CPU.Build.0 = Release|Any CPU
		{CC0A8BD8-5D72-4A2A-9FC1-0A6F6EC8F4DF}.Release|x64.ActiveCfg = Release|Any CPU
		{CC0A8BD8-5D72-4A2A-9FC1-0A6F6EC8F4DF}.Release|x64.Build.0 = Release|Any CPU
		{CC0A8BD8-5D72-4A2A-9FC1-0A6F6EC8F4DF}.Release|x86.ActiveCfg = Release|Any CPU
		{CC0A8BD8-5D72-4A2A-9FC1-0A6F6EC8F4DF}.Release|x86.Build.0 = Release|Any CPU
	EndGlobalSection
	GlobalSection(SolutionProperties) = preSolution
		HideSolutionNode = FALSE
	EndGlobalSection
	GlobalSection(ExtensibilityGlobals) = postSolution
		SolutionGuid = {546470AF-D451-4E19-BBEC-F420AABCC8FE}
	EndGlobalSection
EndGlobal
